
Microsoft Visual Studio Solution File, Format Version 12.00
# Visual Studio 15
VisualStudioVersion = 15.0.28010.2036
MinimumVisualStudioVersion = 10.0.40219.1
Project("{FAE04EC0-301F-11D3-BF4B-00C04F79EFBC}") = "AzureServiceBusDemo", "AzureServiceBusDemo\AzureServiceBusDemo.csproj", "{A972A960-A635-48F1-B8E8-9F395666F41D}"
EndProject
Global
	GlobalSection(SolutionConfigurationPlatforms) = preSolution
		Debug|Any CPU = Debug|Any CPU
		Release|Any CPU = Release|Any CPU
	EndGlobalSection
	GlobalSection(ProjectConfigurationPlatforms) = postSolution
		{A972A960-A635-48F1-B8E8-9F395666F41D}.Debug|Any CPU.ActiveCfg = Debug|Any CPU
		{A972A960-A635-48F1-B8E8-9F395666F41D}.Debug|Any CPU.Build.0 = Debug|Any CPU
		{A972A960-A635-48F1-B8E8-9F395666F41D}.Release|Any CPU.ActiveCfg = Release|Any CPU
		{A972A960-A635-48F1-B8E8-9F395666F41D}.Release|Any CPU.Build.0 = Release|Any CPU
	EndGlobalSection
	GlobalSection(SolutionProperties) = preSolution
		HideSolutionNode = FALSE
	EndGlobalSection
	GlobalSection(ExtensibilityGlobals) = postSolution
		SolutionGuid = {6624E4C2-AA29-4B4F-A66A-21FCA7757E60}
	EndGlobalSection
EndGlobal
